
Microsoft Visual Studio Solution File, Format Version 12.00
# Visual Studio Version 17
VisualStudioVersion = 17.0.31903.59
MinimumVisualStudioVersion = 10.0.40219.1
Project("{FAE04EC0-301F-11D3-BF4B-00C04F79EFBC}") = "Ndknitor", "Ndknitor\Ndknitor.csproj", "{6761B901-FBAC-4A6B-AD02-ECAB7532DAF1}"
EndProject
Project("{FAE04EC0-301F-11D3-BF4B-00C04F79EFBC}") = "Ndknitor.Test", "Ndknitor.Test\Ndknitor.Test.csproj", "{B4CBBFCE-41F4-48ED-934A-C0CACE6AAB35}"
EndProject
Project("{FAE04EC0-301F-11D3-BF4B-00C04F79EFBC}") = "Ndknitor.Console", "Ndknitor.Console\Ndknitor.Console.csproj", "{2C4857B0-955C-45C9-B520-1CDB14C030BC}"
EndProject
Global
	GlobalSection(SolutionConfigurationPlatforms) = preSolution
		Debug|Any CPU = Debug|Any CPU
		Release|Any CPU = Release|Any CPU
	EndGlobalSection
	GlobalSection(SolutionProperties) = preSolution
		HideSolutionNode = FALSE
	EndGlobalSection
	GlobalSection(ProjectConfigurationPlatforms) = postSolution
		{6761B901-FBAC-4A6B-AD02-ECAB7532DAF1}.Debug|Any CPU.ActiveCfg = Debug|Any CPU
		{6761B901-FBAC-4A6B-AD02-ECAB7532DAF1}.Debug|Any CPU.Build.0 = Debug|Any CPU
		{6761B901-FBAC-4A6B-AD02-ECAB7532DAF1}.Release|Any CPU.ActiveCfg = Release|Any CPU
		{6761B901-FBAC-4A6B-AD02-ECAB7532DAF1}.Release|Any CPU.Build.0 = Release|Any CPU
		{B4CBBFCE-41F4-48ED-934A-C0CACE6AAB35}.Debug|Any CPU.ActiveCfg = Debug|Any CPU
		{B4CBBFCE-41F4-48ED-934A-C0CACE6AAB35}.Debug|Any CPU.Build.0 = Debug|Any CPU
		{B4CBBFCE-41F4-48ED-934A-C0CACE6AAB35}.Release|Any CPU.ActiveCfg = Release|Any CPU
		{B4CBBFCE-41F4-48ED-934A-C0CACE6AAB35}.Release|Any CPU.Build.0 = Release|Any CPU
		{2C4857B0-955C-45C9-B520-1CDB14C030BC}.Debug|Any CPU.ActiveCfg = Debug|Any CPU
		{2C4857B0-955C-45C9-B520-1CDB14C030BC}.Debug|Any CPU.Build.0 = Debug|Any CPU
		{2C4857B0-955C-45C9-B520-1CDB14C030BC}.Release|Any CPU.ActiveCfg = Release|Any CPU
		{2C4857B0-955C-45C9-B520-1CDB14C030BC}.Release|Any CPU.Build.0 = Release|Any CPU
	EndGlobalSection
EndGlobal
